
Microsoft Visual Studio Solution File, Format Version 12.00
# Visual Studio Version 17
VisualStudioVersion = 17.6.33712.159
MinimumVisualStudioVersion = 10.0.40219.1
Project("{FAE04EC0-301F-11D3-BF4B-00C04F79EFBC}") = "EventSystem", "EventSystem\EventSystem.csproj", "{0D04F737-634A-49F0-A828-1E33B08F5E22}"
EndProject
Global
	GlobalSection(SolutionConfigurationPlatforms) = preSolution
		Debug|Any CPU = Debug|Any CPU
		Release|Any CPU = Release|Any CPU
	EndGlobalSection
	GlobalSection(ProjectConfigurationPlatforms) = postSolution
		{0D04F737-634A-49F0-A828-1E33B08F5E22}.Debug|Any CPU.ActiveCfg = Debug|Any CPU
		{0D04F737-634A-49F0-A828-1E33B08F5E22}.Debug|Any CPU.Build.0 = Debug|Any CPU
		{0D04F737-634A-49F0-A828-1E33B08F5E22}.Release|Any CPU.ActiveCfg = Release|Any CPU
		{0D04F737-634A-49F0-A828-1E33B08F5E22}.Release|Any CPU.Build.0 = Release|Any CPU
	EndGlobalSection
	GlobalSection(SolutionProperties) = preSolution
		HideSolutionNode = FALSE
	EndGlobalSection
	GlobalSection(ExtensibilityGlobals) = postSolution
		SolutionGuid = {E1390821-2ED5-4F05-9387-C526CE4CD453}
	EndGlobalSection
EndGlobal
